// !$*UTF8*$!
{
	archiveVersion = 1;
	classes = {
	};
	objectVersion = 50;
	objects = {

/* Begin PBXBuildFile section */
		808DABF4244A439C00771ECD /* AppDelegate.swift in Sources */ = {isa = PBXBuildFile; fileRef = 808DABF3244A439C00771ECD /* AppDelegate.swift */; };
		808DABF8244A439C00771ECD /* ViewController.swift in Sources */ = {isa = PBXBuildFile; fileRef = 808DABF7244A439C00771ECD /* ViewController.swift */; };
		808DABFB244A439C00771ECD /* Main.storyboard in Resources */ = {isa = PBXBuildFile; fileRef = 808DABF9244A439C00771ECD /* Main.storyboard */; };
		808DABFD244A439D00771ECD /* Assets.xcassets in Resources */ = {isa = PBXBuildFile; fileRef = 808DABFC244A439D00771ECD /* Assets.xcassets */; };
		808DAC00244A439D00771ECD /* LaunchScreen.storyboard in Resources */ = {isa = PBXBuildFile; fileRef = 808DABFE244A439D00771ECD /* LaunchScreen.storyboard */; };
		808DAC0A244A49C400771ECD /* MainViewController.swift in Sources */ = {isa = PBXBuildFile; fileRef = 808DAC08244A49C400771ECD /* MainViewController.swift */; };
		808DAC0B244A49C400771ECD /* MainViewController.xib in Resources */ = {isa = PBXBuildFile; fileRef = 808DAC09244A49C400771ECD /* MainViewController.xib */; };
		808DAC0E244A54FC00771ECD /* CocktailDetailsViewController.swift in Sources */ = {isa = PBXBuildFile; fileRef = 808DAC0C244A54FC00771ECD /* CocktailDetailsViewController.swift */; };
		808DAC0F244A54FC00771ECD /* CocktailDetailsViewController.xib in Resources */ = {isa = PBXBuildFile; fileRef = 808DAC0D244A54FC00771ECD /* CocktailDetailsViewController.xib */; };
		808DAC13244A616900771ECD /* Cocktail.swift in Sources */ = {isa = PBXBuildFile; fileRef = 808DAC12244A616900771ECD /* Cocktail.swift */; };
		808DAC15244A66EF00771ECD /* Ingredient.swift in Sources */ = {isa = PBXBuildFile; fileRef = 808DAC14244A66EF00771ECD /* Ingredient.swift */; };
/* End PBXBuildFile section */

/* Begin PBXFileReference section */
		808DABF0244A439C00771ECD /* Coctails Book.app */ = {isa = PBXFileReference; explicitFileType = wrapper.application; includeInIndex = 0; path = "Coctails Book.app"; sourceTree = BUILT_PRODUCTS_DIR; };
		808DABF3244A439C00771ECD /* AppDelegate.swift */ = {isa = PBXFileReference; lastKnownFileType = sourcecode.swift; path = AppDelegate.swift; sourceTree = "<group>"; };
		808DABF7244A439C00771ECD /* ViewController.swift */ = {isa = PBXFileReference; lastKnownFileType = sourcecode.swift; path = ViewController.swift; sourceTree = "<group>"; };
		808DABFA244A439C00771ECD /* Base */ = {isa = PBXFileReference; lastKnownFileType = file.storyboard; name = Base; path = Base.lproj/Main.storyboard; sourceTree = "<group>"; };
		808DABFC244A439D00771ECD /* Assets.xcassets */ = {isa = PBXFileReference; lastKnownFileType = folder.assetcatalog; path = Assets.xcassets; sourceTree = "<group>"; };
		808DABFF244A439D00771ECD /* Base */ = {isa = PBXFileReference; lastKnownFileType = file.storyboard; name = Base; path = Base.lproj/LaunchScreen.storyboard; sourceTree = "<group>"; };
		808DAC01244A439D00771ECD /* Info.plist */ = {isa = PBXFileReference; lastKnownFileType = text.plist.xml; path = Info.plist; sourceTree = "<group>"; };
		808DAC08244A49C400771ECD /* MainViewController.swift */ = {isa = PBXFileReference; lastKnownFileType = sourcecode.swift; path = MainViewController.swift; sourceTree = "<group>"; };
		808DAC09244A49C400771ECD /* MainViewController.xib */ = {isa = PBXFileReference; lastKnownFileType = file.xib; path = MainViewController.xib; sourceTree = "<group>"; };
		808DAC0C244A54FC00771ECD /* CocktailDetailsViewController.swift */ = {isa = PBXFileReference; lastKnownFileType = sourcecode.swift; path = CocktailDetailsViewController.swift; sourceTree = "<group>"; };
		808DAC0D244A54FC00771ECD /* CocktailDetailsViewController.xib */ = {isa = PBXFileReference; lastKnownFileType = file.xib; path = CocktailDetailsViewController.xib; sourceTree = "<group>"; };
		808DAC12244A616900771ECD /* Cocktail.swift */ = {isa = PBXFileReference; lastKnownFileType = sourcecode.swift; path = Cocktail.swift; sourceTree = "<group>"; };
		808DAC14244A66EF00771ECD /* Ingredient.swift */ = {isa = PBXFileReference; lastKnownFileType = sourcecode.swift; path = Ingredient.swift; sourceTree = "<group>"; };
/* End PBXFileReference section */

/* Begin PBXFrameworksBuildPhase section */
		808DABED244A439C00771ECD /* Frameworks */ = {
			isa = PBXFrameworksBuildPhase;
			buildActionMask = 2147483647;
			files = (
			);
			runOnlyForDeploymentPostprocessing = 0;
		};
/* End PBXFrameworksBuildPhase section */

/* Begin PBXGroup section */
		808DABE7244A439C00771ECD = {
			isa = PBXGroup;
			children = (
				808DABF2244A439C00771ECD /* Coctails Book */,
				808DABF1244A439C00771ECD /* Products */,
			);
			sourceTree = "<group>";
		};
		808DABF1244A439C00771ECD /* Products */ = {
			isa = PBXGroup;
			children = (
				808DABF0244A439C00771ECD /* Coctails Book.app */,
			);
			name = Products;
			sourceTree = "<group>";
		};
		808DABF2244A439C00771ECD /* Coctails Book */ = {
			isa = PBXGroup;
			children = (
				808DAC11244A5FBF00771ECD /* Models */,
				808DAC10244A5FB200771ECD /* Views */,
				808DAC07244A499000771ECD /* Controllers */,
				808DABF3244A439C00771ECD /* AppDelegate.swift */,
				808DABF7244A439C00771ECD /* ViewController.swift */,
				808DABF9244A439C00771ECD /* Main.storyboard */,
				808DABFC244A439D00771ECD /* Assets.xcassets */,
				808DABFE244A439D00771ECD /* LaunchScreen.storyboard */,
				808DAC01244A439D00771ECD /* Info.plist */,
			);
			path = "Coctails Book";
			sourceTree = "<group>";
		};
		808DAC07244A499000771ECD /* Controllers */ = {
			isa = PBXGroup;
			children = (
				808DAC08244A49C400771ECD /* MainViewController.swift */,
				808DAC09244A49C400771ECD /* MainViewController.xib */,
				808DAC0C244A54FC00771ECD /* CocktailDetailsViewController.swift */,
				808DAC0D244A54FC00771ECD /* CocktailDetailsViewController.xib */,
			);
			path = Controllers;
			sourceTree = "<group>";
		};
		808DAC10244A5FB200771ECD /* Views */ = {
			isa = PBXGroup;
			children = (
			);
			path = Views;
			sourceTree = "<group>";
		};
		808DAC11244A5FBF00771ECD /* Models */ = {
			isa = PBXGroup;
			children = (
				808DAC12244A616900771ECD /* Cocktail.swift */,
				808DAC14244A66EF00771ECD /* Ingredient.swift */,
			);
			path = Models;
			sourceTree = "<group>";
		};
/* End PBXGroup section */

/* Begin PBXNativeTarget section */
		808DABEF244A439C00771ECD /* Coctails Book */ = {
			isa = PBXNativeTarget;
			buildConfigurationList = 808DAC04244A439D00771ECD /* Build configuration list for PBXNativeTarget "Coctails Book" */;
			buildPhases = (
				808DABEC244A439C00771ECD /* Sources */,
				808DABED244A439C00771ECD /* Frameworks */,
				808DABEE244A439C00771ECD /* Resources */,
			);
			buildRules = (
			);
			dependencies = (
			);
			name = "Coctails Book";
			productName = "Coctails Book";
			productReference = 808DABF0244A439C00771ECD /* Coctails Book.app */;
			productType = "com.apple.product-type.application";
		};
/* End PBXNativeTarget section */

/* Begin PBXProject section */
		808DABE8244A439C00771ECD /* Project object */ = {
			isa = PBXProject;
			attributes = {
				LastSwiftUpdateCheck = 1140;
				LastUpgradeCheck = 1140;
				ORGANIZATIONNAME = justterror;
				TargetAttributes = {
					808DABEF244A439C00771ECD = {
						CreatedOnToolsVersion = 11.4;
					};
				};
			};
			buildConfigurationList = 808DABEB244A439C00771ECD /* Build configuration list for PBXProject "Coctails Book" */;
			compatibilityVersion = "Xcode 9.3";
			developmentRegion = en;
			hasScannedForEncodings = 0;
			knownRegions = (
				en,
				Base,
			);
			mainGroup = 808DABE7244A439C00771ECD;
			productRefGroup = 808DABF1244A439C00771ECD /* Products */;
			projectDirPath = "";
			projectRoot = "";
			targets = (
				808DABEF244A439C00771ECD /* Coctails Book */,
			);
		};
/* End PBXProject section */

/* Begin PBXResourcesBuildPhase section */
		808DABEE244A439C00771ECD /* Resources */ = {
			isa = PBXResourcesBuildPhase;
			buildActionMask = 2147483647;
			files = (
				808DAC00244A439D00771ECD /* LaunchScreen.storyboard in Resources */,
				808DAC0F244A54FC00771ECD /* CocktailDetailsViewController.xib in Resources */,
				808DABFD244A439D00771ECD /* Assets.xcassets in Resources */,
				808DABFB244A439C00771ECD /* Main.storyboard in Resources */,
				808DAC0B244A49C400771ECD /* MainViewController.xib in Resources */,
			);
			runOnlyForDeploymentPostprocessing = 0;
		};
/* End PBXResourcesBuildPhase section */

/* Begin PBXSourcesBuildPhase section */
		808DABEC244A439C00771ECD /* Sources */ = {
			isa = PBXSourcesBuildPhase;
			buildActionMask = 2147483647;
			files = (
				808DAC0A244A49C400771ECD /* MainViewController.swift in Sources */,
				808DAC0E244A54FC00771ECD /* CocktailDetailsViewController.swift in Sources */,
				808DAC15244A66EF00771ECD /* Ingredient.swift in Sources */,
				808DABF8244A439C00771ECD /* ViewController.swift in Sources */,
				808DAC13244A616900771ECD /* Cocktail.swift in Sources */,
				808DABF4244A439C00771ECD /* AppDelegate.swift in Sources */,
			);
			runOnlyForDeploymentPostprocessing = 0;
		};
/* End PBXSourcesBuildPhase section */

/* Begin PBXVariantGroup section */
		808DABF9244A439C00771ECD /* Main.storyboard */ = {
			isa = PBXVariantGroup;
			children = (
				808DABFA244A439C00771ECD /* Base */,
			);
			name = Main.storyboard;
			sourceTree = "<group>";
		};
		808DABFE244A439D00771ECD /* LaunchScreen.storyboard */ = {
			isa = PBXVariantGroup;
			children = (
				808DABFF244A439D00771ECD /* Base */,
			);
			name = LaunchScreen.storyboard;
			sourceTree = "<group>";
		};
/* End PBXVariantGroup section */

/* Begin XCBuildConfiguration section */
		808DAC02244A439D00771ECD /* Debug */ = {
			isa = XCBuildConfiguration;
			buildSettings = {
				ALWAYS_SEARCH_USER_PATHS = NO;
				CLANG_ANALYZER_NONNULL = YES;
				CLANG_ANALYZER_NUMBER_OBJECT_CONVERSION = YES_AGGRESSIVE;
				CLANG_CXX_LANGUAGE_STANDARD = "gnu++14";
				CLANG_CXX_LIBRARY = "libc++";
				CLANG_ENABLE_MODULES = YES;
				CLANG_ENABLE_OBJC_ARC = YES;
				CLANG_ENABLE_OBJC_WEAK = YES;
				CLANG_WARN_BLOCK_CAPTURE_AUTORELEASING = YES;
				CLANG_WARN_BOOL_CONVERSION = YES;
				CLANG_WARN_COMMA = YES;
				CLANG_WARN_CONSTANT_CONVERSION = YES;
				CLANG_WARN_DEPRECATED_OBJC_IMPLEMENTATIONS = YES;
				CLANG_WARN_DIRECT_OBJC_ISA_USAGE = YES_ERROR;
				CLANG_WARN_DOCUMENTATION_COMMENTS = YES;
				CLANG_WARN_EMPTY_BODY = YES;
				CLANG_WARN_ENUM_CONVERSION = YES;
				CLANG_WARN_INFINITE_RECURSION = YES;
				CLANG_WARN_INT_CONVERSION = YES;
				CLANG_WARN_NON_LITERAL_NULL_CONVERSION = YES;
				CLANG_WARN_OBJC_IMPLICIT_RETAIN_SELF = YES;
				CLANG_WARN_OBJC_LITERAL_CONVERSION = YES;
				CLANG_WARN_OBJC_ROOT_CLASS = YES_ERROR;
				CLANG_WARN_RANGE_LOOP_ANALYSIS = YES;
				CLANG_WARN_STRICT_PROTOTYPES = YES;
				CLANG_WARN_SUSPICIOUS_MOVE = YES;
				CLANG_WARN_UNGUARDED_AVAILABILITY = YES_AGGRESSIVE;
				CLANG_WARN_UNREACHABLE_CODE = YES;
				CLANG_WARN__DUPLICATE_METHOD_MATCH = YES;
				COPY_PHASE_STRIP = NO;
				DEBUG_INFORMATION_FORMAT = dwarf;
				ENABLE_STRICT_OBJC_MSGSEND = YES;
				ENABLE_TESTABILITY = YES;
				GCC_C_LANGUAGE_STANDARD = gnu11;
				GCC_DYNAMIC_NO_PIC = NO;
				GCC_NO_COMMON_BLOCKS = YES;
				GCC_OPTIMIZATION_LEVEL = 0;
				GCC_PREPROCESSOR_DEFINITIONS = (
					"DEBUG=1",
					"$(inherited)",
				);
				GCC_WARN_64_TO_32_BIT_CONVERSION = YES;
				GCC_WARN_ABOUT_RETURN_TYPE = YES_ERROR;
				GCC_WARN_UNDECLARED_SELECTOR = YES;
				GCC_WARN_UNINITIALIZED_AUTOS = YES_AGGRESSIVE;
				GCC_WARN_UNUSED_FUNCTION = YES;
				GCC_WARN_UNUSED_VARIABLE = YES;
				IPHONEOS_DEPLOYMENT_TARGET = 13.4;
				MTL_ENABLE_DEBUG_INFO = INCLUDE_SOURCE;
				MTL_FAST_MATH = YES;
				ONLY_ACTIVE_ARCH = YES;
				SDKROOT = iphoneos;
				SWIFT_ACTIVE_COMPILATION_CONDITIONS = DEBUG;
				SWIFT_OPTIMIZATION_LEVEL = "-Onone";
			};
			name = Debug;
		};
		808DAC03244A439D00771ECD /* Release */ = {
			isa = XCBuildConfiguration;
			buildSettings = {
				ALWAYS_SEARCH_USER_PATHS = NO;
				CLANG_ANALYZER_NONNULL = YES;
				CLANG_ANALYZER_NUMBER_OBJECT_CONVERSION = YES_AGGRESSIVE;
				CLANG_CXX_LANGUAGE_STANDARD = "gnu++14";
				CLANG_CXX_LIBRARY = "libc++";
				CLANG_ENABLE_MODULES = YES;
				CLANG_ENABLE_OBJC_ARC = YES;
				CLANG_ENABLE_OBJC_WEAK = YES;
				CLANG_WARN_BLOCK_CAPTURE_AUTORELEASING = YES;
				CLANG_WARN_BOOL_CONVERSION = YES;
				CLANG_WARN_COMMA = YES;
				CLANG_WARN_CONSTANT_CONVERSION = YES;
				CLANG_WARN_DEPRECATED_OBJC_IMPLEMENTATIONS = YES;
				CLANG_WARN_DIRECT_OBJC_ISA_USAGE = YES_ERROR;
				CLANG_WARN_DOCUMENTATION_COMMENTS = YES;
				CLANG_WARN_EMPTY_BODY = YES;
				CLANG_WARN_ENUM_CONVERSION = YES;
				CLANG_WARN_INFINITE_RECURSION = YES;
				CLANG_WARN_INT_CONVERSION = YES;
				CLANG_WARN_NON_LITERAL_NULL_CONVERSION = YES;
				CLANG_WARN_OBJC_IMPLICIT_RETAIN_SELF = YES;
				CLANG_WARN_OBJC_LITERAL_CONVERSION = YES;
				CLANG_WARN_OBJC_ROOT_CLASS = YES_ERROR;
				CLANG_WARN_RANGE_LOOP_ANALYSIS = YES;
				CLANG_WARN_STRICT_PROTOTYPES = YES;
				CLANG_WARN_SUSPICIOUS_MOVE = YES;
				CLANG_WARN_UNGUARDED_AVAILABILITY = YES_AGGRESSIVE;
				CLANG_WARN_UNREACHABLE_CODE = YES;
				CLANG_WARN__DUPLICATE_METHOD_MATCH = YES;
				COPY_PHASE_STRIP = NO;
				DEBUG_INFORMATION_FORMAT = "dwarf-with-dsym";
				ENABLE_NS_ASSERTIONS = NO;
				ENABLE_STRICT_OBJC_MSGSEND = YES;
				GCC_C_LANGUAGE_STANDARD = gnu11;
				GCC_NO_COMMON_BLOCKS = YES;
				GCC_WARN_64_TO_32_BIT_CONVERSION = YES;
				GCC_WARN_ABOUT_RETURN_TYPE = YES_ERROR;
				GCC_WARN_UNDECLARED_SELECTOR = YES;
				GCC_WARN_UNINITIALIZED_AUTOS = YES_AGGRESSIVE;
				GCC_WARN_UNUSED_FUNCTION = YES;
				GCC_WARN_UNUSED_VARIABLE = YES;
				IPHONEOS_DEPLOYMENT_TARGET = 13.4;
				MTL_ENABLE_DEBUG_INFO = NO;
				MTL_FAST_MATH = YES;
				SDKROOT = iphoneos;
				SWIFT_COMPILATION_MODE = wholemodule;
				SWIFT_OPTIMIZATION_LEVEL = "-O";
				VALIDATE_PRODUCT = YES;
			};
			name = Release;
		};
		808DAC05244A439D00771ECD /* Debug */ = {
			isa = XCBuildConfiguration;
			buildSettings = {
				ASSETCATALOG_COMPILER_APPICON_NAME = AppIcon;
				CODE_SIGN_STYLE = Automatic;
				DEVELOPMENT_TEAM = 3RHMKD77C8;
				INFOPLIST_FILE = "Coctails Book/Info.plist";
				IPHONEOS_DEPLOYMENT_TARGET = 12.0;
				LD_RUNPATH_SEARCH_PATHS = (
					"$(inherited)",
					"@executable_path/Frameworks",
				);
				PRODUCT_BUNDLE_IDENTIFIER = "com.justterror.Coctails-Book";
				PRODUCT_NAME = "$(TARGET_NAME)";
				SWIFT_VERSION = 5.0;
				TARGETED_DEVICE_FAMILY = "1,2";
			};
			name = Debug;
		};
		808DAC06244A439D00771ECD /* Release */ = {
			isa = XCBuildConfiguration;
			buildSettings = {
				ASSETCATALOG_COMPILER_APPICON_NAME = AppIcon;
				CODE_SIGN_STYLE = Automatic;
				DEVELOPMENT_TEAM = 3RHMKD77C8;
				INFOPLIST_FILE = "Coctails Book/Info.plist";
				IPHONEOS_DEPLOYMENT_TARGET = 12.0;
				LD_RUNPATH_SEARCH_PATHS = (
					"$(inherited)",
					"@executable_path/Frameworks",
				);
				PRODUCT_BUNDLE_IDENTIFIER = "com.justterror.Coctails-Book";
				PRODUCT_NAME = "$(TARGET_NAME)";
				SWIFT_VERSION = 5.0;
				TARGETED_DEVICE_FAMILY = "1,2";
			};
			name = Release;
		};
/* End XCBuildConfiguration section */

/* Begin XCConfigurationList section */
		808DABEB244A439C00771ECD /* Build configuration list for PBXProject "Coctails Book" */ = {
			isa = XCConfigurationList;
			buildConfigurations = (
				808DAC02244A439D00771ECD /* Debug */,
				808DAC03244A439D00771ECD /* Release */,
			);
			defaultConfigurationIsVisible = 0;
			defaultConfigurationName = Release;
		};
		808DAC04244A439D00771ECD /* Build configuration list for PBXNativeTarget "Coctails Book" */ = {
			isa = XCConfigurationList;
			buildConfigurations = (
				808DAC05244A439D00771ECD /* Debug */,
				808DAC06244A439D00771ECD /* Release */,
			);
			defaultConfigurationIsVisible = 0;
			defaultConfigurationName = Release;
		};
/* End XCConfigurationList section */
	};
	rootObject = 808DABE8244A439C00771ECD /* Project object */;
}
