// !$*UTF8*$!
{
	archiveVersion = 1;
	classes = {
	};
	objectVersion = 50;
	objects = {

/* Begin PBXBuildFile section */
		80348F79244ADECF00E16416 /* RandomCocktailViewController.swift in Sources */ = {isa = PBXBuildFile; fileRef = 80348F77244ADECF00E16416 /* RandomCocktailViewController.swift */; };
		80348F7A244ADECF00E16416 /* RandomCocktailViewController.xib in Resources */ = {isa = PBXBuildFile; fileRef = 80348F78244ADECF00E16416 /* RandomCocktailViewController.xib */; };
		80348F7D244AFB6100E16416 /* CocktailSearchViewController.swift in Sources */ = {isa = PBXBuildFile; fileRef = 80348F7B244AFB6100E16416 /* CocktailSearchViewController.swift */; };
		80348F7E244AFB6100E16416 /* CocktailSearchViewController.xib in Resources */ = {isa = PBXBuildFile; fileRef = 80348F7C244AFB6100E16416 /* CocktailSearchViewController.xib */; };
		8042996F245771020054ED89 /* CocktailListResponse.swift in Sources */ = {isa = PBXBuildFile; fileRef = 8042996E245771020054ED89 /* CocktailListResponse.swift */; };
		805D27F42461EB8000EFE122 /* UIImageView+downloadImage.swift in Sources */ = {isa = PBXBuildFile; fileRef = 805D27F32461EB8000EFE122 /* UIImageView+downloadImage.swift */; };
		805D27F62461EE2E00EFE122 /* UIViewController+loadBackground.swift in Sources */ = {isa = PBXBuildFile; fileRef = 805D27F52461EE2E00EFE122 /* UIViewController+loadBackground.swift */; };
		805D27F82461F0BB00EFE122 /* ViewController.swift in Sources */ = {isa = PBXBuildFile; fileRef = 805D27F72461F0BA00EFE122 /* ViewController.swift */; };
		808DABF4244A439C00771ECD /* AppDelegate.swift in Sources */ = {isa = PBXBuildFile; fileRef = 808DABF3244A439C00771ECD /* AppDelegate.swift */; };
		808DABFD244A439D00771ECD /* Assets.xcassets in Resources */ = {isa = PBXBuildFile; fileRef = 808DABFC244A439D00771ECD /* Assets.xcassets */; };
		808DAC0E244A54FC00771ECD /* CocktailDetailsViewController.swift in Sources */ = {isa = PBXBuildFile; fileRef = 808DAC0C244A54FC00771ECD /* CocktailDetailsViewController.swift */; };
		808DAC0F244A54FC00771ECD /* CocktailDetailsViewController.xib in Resources */ = {isa = PBXBuildFile; fileRef = 808DAC0D244A54FC00771ECD /* CocktailDetailsViewController.xib */; };
		808DAC13244A616900771ECD /* Cocktail.swift in Sources */ = {isa = PBXBuildFile; fileRef = 808DAC12244A616900771ECD /* Cocktail.swift */; };
		808DAC15244A66EF00771ECD /* Ingredient.swift in Sources */ = {isa = PBXBuildFile; fileRef = 808DAC14244A66EF00771ECD /* Ingredient.swift */; };
		808DAC1A244A727600771ECD /* CocktailTableViewCell.swift in Sources */ = {isa = PBXBuildFile; fileRef = 808DAC18244A727600771ECD /* CocktailTableViewCell.swift */; };
		808DAC1B244A727600771ECD /* CocktailTableViewCell.xib in Resources */ = {isa = PBXBuildFile; fileRef = 808DAC19244A727600771ECD /* CocktailTableViewCell.xib */; };
		808EADCB245458C8002443E0 /* ApiConstants.swift in Sources */ = {isa = PBXBuildFile; fileRef = 808EADCA245458C8002443E0 /* ApiConstants.swift */; };
		808EADCE24545AE5002443E0 /* CocktailService.swift in Sources */ = {isa = PBXBuildFile; fileRef = 808EADCD24545AE5002443E0 /* CocktailService.swift */; };
		808EADD024548DCE002443E0 /* ServiceErrors.swift in Sources */ = {isa = PBXBuildFile; fileRef = 808EADCF24548DCE002443E0 /* ServiceErrors.swift */; };
/* End PBXBuildFile section */

/* Begin PBXFileReference section */
		80348F77244ADECF00E16416 /* RandomCocktailViewController.swift */ = {isa = PBXFileReference; lastKnownFileType = sourcecode.swift; path = RandomCocktailViewController.swift; sourceTree = "<group>"; };
		80348F78244ADECF00E16416 /* RandomCocktailViewController.xib */ = {isa = PBXFileReference; lastKnownFileType = file.xib; path = RandomCocktailViewController.xib; sourceTree = "<group>"; };
		80348F7B244AFB6100E16416 /* CocktailSearchViewController.swift */ = {isa = PBXFileReference; lastKnownFileType = sourcecode.swift; path = CocktailSearchViewController.swift; sourceTree = "<group>"; };
		80348F7C244AFB6100E16416 /* CocktailSearchViewController.xib */ = {isa = PBXFileReference; lastKnownFileType = file.xib; path = CocktailSearchViewController.xib; sourceTree = "<group>"; };
		8042996E245771020054ED89 /* CocktailListResponse.swift */ = {isa = PBXFileReference; lastKnownFileType = sourcecode.swift; path = CocktailListResponse.swift; sourceTree = "<group>"; };
		805D27F32461EB8000EFE122 /* UIImageView+downloadImage.swift */ = {isa = PBXFileReference; lastKnownFileType = sourcecode.swift; path = "UIImageView+downloadImage.swift"; sourceTree = "<group>"; };
		805D27F52461EE2E00EFE122 /* UIViewController+loadBackground.swift */ = {isa = PBXFileReference; lastKnownFileType = sourcecode.swift; path = "UIViewController+loadBackground.swift"; sourceTree = "<group>"; };
		805D27F72461F0BA00EFE122 /* ViewController.swift */ = {isa = PBXFileReference; fileEncoding = 4; lastKnownFileType = sourcecode.swift; path = ViewController.swift; sourceTree = "<group>"; };
		808DABF0244A439C00771ECD /* Cocktails Book.app */ = {isa = PBXFileReference; explicitFileType = wrapper.application; includeInIndex = 0; path = "Cocktails Book.app"; sourceTree = BUILT_PRODUCTS_DIR; };
		808DABF3244A439C00771ECD /* AppDelegate.swift */ = {isa = PBXFileReference; lastKnownFileType = sourcecode.swift; path = AppDelegate.swift; sourceTree = "<group>"; };
		808DABFC244A439D00771ECD /* Assets.xcassets */ = {isa = PBXFileReference; lastKnownFileType = folder.assetcatalog; path = Assets.xcassets; sourceTree = "<group>"; };
		808DAC01244A439D00771ECD /* Info.plist */ = {isa = PBXFileReference; lastKnownFileType = text.plist.xml; path = Info.plist; sourceTree = "<group>"; };
		808DAC0C244A54FC00771ECD /* CocktailDetailsViewController.swift */ = {isa = PBXFileReference; lastKnownFileType = sourcecode.swift; path = CocktailDetailsViewController.swift; sourceTree = "<group>"; };
		808DAC0D244A54FC00771ECD /* CocktailDetailsViewController.xib */ = {isa = PBXFileReference; lastKnownFileType = file.xib; path = CocktailDetailsViewController.xib; sourceTree = "<group>"; };
		808DAC12244A616900771ECD /* Cocktail.swift */ = {isa = PBXFileReference; lastKnownFileType = sourcecode.swift; path = Cocktail.swift; sourceTree = "<group>"; };
		808DAC14244A66EF00771ECD /* Ingredient.swift */ = {isa = PBXFileReference; lastKnownFileType = sourcecode.swift; path = Ingredient.swift; sourceTree = "<group>"; };
		808DAC18244A727600771ECD /* CocktailTableViewCell.swift */ = {isa = PBXFileReference; lastKnownFileType = sourcecode.swift; path = CocktailTableViewCell.swift; sourceTree = "<group>"; };
		808DAC19244A727600771ECD /* CocktailTableViewCell.xib */ = {isa = PBXFileReference; lastKnownFileType = file.xib; path = CocktailTableViewCell.xib; sourceTree = "<group>"; };
		808EADCA245458C8002443E0 /* ApiConstants.swift */ = {isa = PBXFileReference; lastKnownFileType = sourcecode.swift; path = ApiConstants.swift; sourceTree = "<group>"; };
		808EADCD24545AE5002443E0 /* CocktailService.swift */ = {isa = PBXFileReference; lastKnownFileType = sourcecode.swift; path = CocktailService.swift; sourceTree = "<group>"; };
		808EADCF24548DCE002443E0 /* ServiceErrors.swift */ = {isa = PBXFileReference; lastKnownFileType = sourcecode.swift; path = ServiceErrors.swift; sourceTree = "<group>"; };
/* End PBXFileReference section */

/* Begin PBXFrameworksBuildPhase section */
		808DABED244A439C00771ECD /* Frameworks */ = {
			isa = PBXFrameworksBuildPhase;
			buildActionMask = 2147483647;
			files = (
			);
			runOnlyForDeploymentPostprocessing = 0;
		};
/* End PBXFrameworksBuildPhase section */

/* Begin PBXGroup section */
		805D27F22461EB2100EFE122 /* Extensions */ = {
			isa = PBXGroup;
			children = (
				805D27F32461EB8000EFE122 /* UIImageView+downloadImage.swift */,
				805D27F52461EE2E00EFE122 /* UIViewController+loadBackground.swift */,
			);
			path = Extensions;
			sourceTree = "<group>";
		};
		808DABE7244A439C00771ECD = {
			isa = PBXGroup;
			children = (
				808DABF2244A439C00771ECD /* Coctails Book */,
				808DABF1244A439C00771ECD /* Products */,
			);
			sourceTree = "<group>";
		};
		808DABF1244A439C00771ECD /* Products */ = {
			isa = PBXGroup;
			children = (
				808DABF0244A439C00771ECD /* Cocktails Book.app */,
			);
			name = Products;
			sourceTree = "<group>";
		};
		808DABF2244A439C00771ECD /* Coctails Book */ = {
			isa = PBXGroup;
			children = (
				805D27F22461EB2100EFE122 /* Extensions */,
				808EADCC24545AC2002443E0 /* Service */,
				808EADC9245458A2002443E0 /* Resources */,
				808DAC11244A5FBF00771ECD /* Models */,
				808DAC10244A5FB200771ECD /* Views */,
				808DAC07244A499000771ECD /* Controllers */,
				808DABF3244A439C00771ECD /* AppDelegate.swift */,
				805D27F72461F0BA00EFE122 /* ViewController.swift */,
				808DABFC244A439D00771ECD /* Assets.xcassets */,
				808DAC01244A439D00771ECD /* Info.plist */,
			);
			path = "Coctails Book";
			sourceTree = "<group>";
		};
		808DAC07244A499000771ECD /* Controllers */ = {
			isa = PBXGroup;
			children = (
				808DAC0C244A54FC00771ECD /* CocktailDetailsViewController.swift */,
				808DAC0D244A54FC00771ECD /* CocktailDetailsViewController.xib */,
				80348F77244ADECF00E16416 /* RandomCocktailViewController.swift */,
				80348F78244ADECF00E16416 /* RandomCocktailViewController.xib */,
				80348F7B244AFB6100E16416 /* CocktailSearchViewController.swift */,
				80348F7C244AFB6100E16416 /* CocktailSearchViewController.xib */,
			);
			path = Controllers;
			sourceTree = "<group>";
		};
		808DAC10244A5FB200771ECD /* Views */ = {
			isa = PBXGroup;
			children = (
				808DAC18244A727600771ECD /* CocktailTableViewCell.swift */,
				808DAC19244A727600771ECD /* CocktailTableViewCell.xib */,
			);
			path = Views;
			sourceTree = "<group>";
		};
		808DAC11244A5FBF00771ECD /* Models */ = {
			isa = PBXGroup;
			children = (
				8042996E245771020054ED89 /* CocktailListResponse.swift */,
				808DAC12244A616900771ECD /* Cocktail.swift */,
				808DAC14244A66EF00771ECD /* Ingredient.swift */,
			);
			path = Models;
			sourceTree = "<group>";
		};
		808EADC9245458A2002443E0 /* Resources */ = {
			isa = PBXGroup;
			children = (
				808EADCA245458C8002443E0 /* ApiConstants.swift */,
			);
			path = Resources;
			sourceTree = "<group>";
		};
		808EADCC24545AC2002443E0 /* Service */ = {
			isa = PBXGroup;
			children = (
				808EADCD24545AE5002443E0 /* CocktailService.swift */,
				808EADCF24548DCE002443E0 /* ServiceErrors.swift */,
			);
			path = Service;
			sourceTree = "<group>";
		};
/* End PBXGroup section */

/* Begin PBXNativeTarget section */
		808DABEF244A439C00771ECD /* Cocktails Book */ = {
			isa = PBXNativeTarget;
			buildConfigurationList = 808DAC04244A439D00771ECD /* Build configuration list for PBXNativeTarget "Cocktails Book" */;
			buildPhases = (
				808DABEC244A439C00771ECD /* Sources */,
				808DABED244A439C00771ECD /* Frameworks */,
				808DABEE244A439C00771ECD /* Resources */,
			);
			buildRules = (
			);
			dependencies = (
			);
			name = "Cocktails Book";
			productName = "Coctails Book";
			productReference = 808DABF0244A439C00771ECD /* Cocktails Book.app */;
			productType = "com.apple.product-type.application";
		};
/* End PBXNativeTarget section */

/* Begin PBXProject section */
		808DABE8244A439C00771ECD /* Project object */ = {
			isa = PBXProject;
			attributes = {
				LastSwiftUpdateCheck = 1140;
				LastUpgradeCheck = 1140;
				ORGANIZATIONNAME = justterror;
				TargetAttributes = {
					808DABEF244A439C00771ECD = {
						CreatedOnToolsVersion = 11.4;
					};
				};
			};
			buildConfigurationList = 808DABEB244A439C00771ECD /* Build configuration list for PBXProject "Cocktails Book" */;
			compatibilityVersion = "Xcode 9.3";
			developmentRegion = en;
			hasScannedForEncodings = 0;
			knownRegions = (
				en,
				Base,
			);
			mainGroup = 808DABE7244A439C00771ECD;
			productRefGroup = 808DABF1244A439C00771ECD /* Products */;
			projectDirPath = "";
			projectRoot = "";
			targets = (
				808DABEF244A439C00771ECD /* Cocktails Book */,
			);
		};
/* End PBXProject section */

/* Begin PBXResourcesBuildPhase section */
		808DABEE244A439C00771ECD /* Resources */ = {
			isa = PBXResourcesBuildPhase;
			buildActionMask = 2147483647;
			files = (
				808DAC0F244A54FC00771ECD /* CocktailDetailsViewController.xib in Resources */,
				80348F7A244ADECF00E16416 /* RandomCocktailViewController.xib in Resources */,
				808DABFD244A439D00771ECD /* Assets.xcassets in Resources */,
				808DAC1B244A727600771ECD /* CocktailTableViewCell.xib in Resources */,
				80348F7E244AFB6100E16416 /* CocktailSearchViewController.xib in Resources */,
			);
			runOnlyForDeploymentPostprocessing = 0;
		};
/* End PBXResourcesBuildPhase section */

/* Begin PBXSourcesBuildPhase section */
		808DABEC244A439C00771ECD /* Sources */ = {
			isa = PBXSourcesBuildPhase;
			buildActionMask = 2147483647;
			files = (
				808DAC0E244A54FC00771ECD /* CocktailDetailsViewController.swift in Sources */,
				808DAC1A244A727600771ECD /* CocktailTableViewCell.swift in Sources */,
				8042996F245771020054ED89 /* CocktailListResponse.swift in Sources */,
				80348F79244ADECF00E16416 /* RandomCocktailViewController.swift in Sources */,
				805D27F82461F0BB00EFE122 /* ViewController.swift in Sources */,
				808DAC15244A66EF00771ECD /* Ingredient.swift in Sources */,
				80348F7D244AFB6100E16416 /* CocktailSearchViewController.swift in Sources */,
				808EADCB245458C8002443E0 /* ApiConstants.swift in Sources */,
				808DAC13244A616900771ECD /* Cocktail.swift in Sources */,
				805D27F42461EB8000EFE122 /* UIImageView+downloadImage.swift in Sources */,
				808EADD024548DCE002443E0 /* ServiceErrors.swift in Sources */,
				808EADCE24545AE5002443E0 /* CocktailService.swift in Sources */,
				805D27F62461EE2E00EFE122 /* UIViewController+loadBackground.swift in Sources */,
				808DABF4244A439C00771ECD /* AppDelegate.swift in Sources */,
			);
			runOnlyForDeploymentPostprocessing = 0;
		};
/* End PBXSourcesBuildPhase section */

/* Begin XCBuildConfiguration section */
		808DAC02244A439D00771ECD /* Debug */ = {
			isa = XCBuildConfiguration;
			buildSettings = {
				ALWAYS_SEARCH_USER_PATHS = NO;
				CLANG_ANALYZER_NONNULL = YES;
				CLANG_ANALYZER_NUMBER_OBJECT_CONVERSION = YES_AGGRESSIVE;
				CLANG_CXX_LANGUAGE_STANDARD = "gnu++14";
				CLANG_CXX_LIBRARY = "libc++";
				CLANG_ENABLE_MODULES = YES;
				CLANG_ENABLE_OBJC_ARC = YES;
				CLANG_ENABLE_OBJC_WEAK = YES;
				CLANG_WARN_BLOCK_CAPTURE_AUTORELEASING = YES;
				CLANG_WARN_BOOL_CONVERSION = YES;
				CLANG_WARN_COMMA = YES;
				CLANG_WARN_CONSTANT_CONVERSION = YES;
				CLANG_WARN_DEPRECATED_OBJC_IMPLEMENTATIONS = YES;
				CLANG_WARN_DIRECT_OBJC_ISA_USAGE = YES_ERROR;
				CLANG_WARN_DOCUMENTATION_COMMENTS = YES;
				CLANG_WARN_EMPTY_BODY = YES;
				CLANG_WARN_ENUM_CONVERSION = YES;
				CLANG_WARN_INFINITE_RECURSION = YES;
				CLANG_WARN_INT_CONVERSION = YES;
				CLANG_WARN_NON_LITERAL_NULL_CONVERSION = YES;
				CLANG_WARN_OBJC_IMPLICIT_RETAIN_SELF = YES;
				CLANG_WARN_OBJC_LITERAL_CONVERSION = YES;
				CLANG_WARN_OBJC_ROOT_CLASS = YES_ERROR;
				CLANG_WARN_RANGE_LOOP_ANALYSIS = YES;
				CLANG_WARN_STRICT_PROTOTYPES = YES;
				CLANG_WARN_SUSPICIOUS_MOVE = YES;
				CLANG_WARN_UNGUARDED_AVAILABILITY = YES_AGGRESSIVE;
				CLANG_WARN_UNREACHABLE_CODE = YES;
				CLANG_WARN__DUPLICATE_METHOD_MATCH = YES;
				COPY_PHASE_STRIP = NO;
				DEBUG_INFORMATION_FORMAT = dwarf;
				ENABLE_STRICT_OBJC_MSGSEND = YES;
				ENABLE_TESTABILITY = YES;
				GCC_C_LANGUAGE_STANDARD = gnu11;
				GCC_DYNAMIC_NO_PIC = NO;
				GCC_NO_COMMON_BLOCKS = YES;
				GCC_OPTIMIZATION_LEVEL = 0;
				GCC_PREPROCESSOR_DEFINITIONS = (
					"DEBUG=1",
					"$(inherited)",
				);
				GCC_WARN_64_TO_32_BIT_CONVERSION = YES;
				GCC_WARN_ABOUT_RETURN_TYPE = YES_ERROR;
				GCC_WARN_UNDECLARED_SELECTOR = YES;
				GCC_WARN_UNINITIALIZED_AUTOS = YES_AGGRESSIVE;
				GCC_WARN_UNUSED_FUNCTION = YES;
				GCC_WARN_UNUSED_VARIABLE = YES;
				IPHONEOS_DEPLOYMENT_TARGET = 13.4;
				MTL_ENABLE_DEBUG_INFO = INCLUDE_SOURCE;
				MTL_FAST_MATH = YES;
				ONLY_ACTIVE_ARCH = YES;
				SDKROOT = iphoneos;
				SWIFT_ACTIVE_COMPILATION_CONDITIONS = DEBUG;
				SWIFT_OPTIMIZATION_LEVEL = "-Onone";
			};
			name = Debug;
		};
		808DAC03244A439D00771ECD /* Release */ = {
			isa = XCBuildConfiguration;
			buildSettings = {
				ALWAYS_SEARCH_USER_PATHS = NO;
				CLANG_ANALYZER_NONNULL = YES;
				CLANG_ANALYZER_NUMBER_OBJECT_CONVERSION = YES_AGGRESSIVE;
				CLANG_CXX_LANGUAGE_STANDARD = "gnu++14";
				CLANG_CXX_LIBRARY = "libc++";
				CLANG_ENABLE_MODULES = YES;
				CLANG_ENABLE_OBJC_ARC = YES;
				CLANG_ENABLE_OBJC_WEAK = YES;
				CLANG_WARN_BLOCK_CAPTURE_AUTORELEASING = YES;
				CLANG_WARN_BOOL_CONVERSION = YES;
				CLANG_WARN_COMMA = YES;
				CLANG_WARN_CONSTANT_CONVERSION = YES;
				CLANG_WARN_DEPRECATED_OBJC_IMPLEMENTATIONS = YES;
				CLANG_WARN_DIRECT_OBJC_ISA_USAGE = YES_ERROR;
				CLANG_WARN_DOCUMENTATION_COMMENTS = YES;
				CLANG_WARN_EMPTY_BODY = YES;
				CLANG_WARN_ENUM_CONVERSION = YES;
				CLANG_WARN_INFINITE_RECURSION = YES;
				CLANG_WARN_INT_CONVERSION = YES;
				CLANG_WARN_NON_LITERAL_NULL_CONVERSION = YES;
				CLANG_WARN_OBJC_IMPLICIT_RETAIN_SELF = YES;
				CLANG_WARN_OBJC_LITERAL_CONVERSION = YES;
				CLANG_WARN_OBJC_ROOT_CLASS = YES_ERROR;
				CLANG_WARN_RANGE_LOOP_ANALYSIS = YES;
				CLANG_WARN_STRICT_PROTOTYPES = YES;
				CLANG_WARN_SUSPICIOUS_MOVE = YES;
				CLANG_WARN_UNGUARDED_AVAILABILITY = YES_AGGRESSIVE;
				CLANG_WARN_UNREACHABLE_CODE = YES;
				CLANG_WARN__DUPLICATE_METHOD_MATCH = YES;
				COPY_PHASE_STRIP = NO;
				DEBUG_INFORMATION_FORMAT = "dwarf-with-dsym";
				ENABLE_NS_ASSERTIONS = NO;
				ENABLE_STRICT_OBJC_MSGSEND = YES;
				GCC_C_LANGUAGE_STANDARD = gnu11;
				GCC_NO_COMMON_BLOCKS = YES;
				GCC_WARN_64_TO_32_BIT_CONVERSION = YES;
				GCC_WARN_ABOUT_RETURN_TYPE = YES_ERROR;
				GCC_WARN_UNDECLARED_SELECTOR = YES;
				GCC_WARN_UNINITIALIZED_AUTOS = YES_AGGRESSIVE;
				GCC_WARN_UNUSED_FUNCTION = YES;
				GCC_WARN_UNUSED_VARIABLE = YES;
				IPHONEOS_DEPLOYMENT_TARGET = 13.4;
				MTL_ENABLE_DEBUG_INFO = NO;
				MTL_FAST_MATH = YES;
				SDKROOT = iphoneos;
				SWIFT_COMPILATION_MODE = wholemodule;
				SWIFT_OPTIMIZATION_LEVEL = "-O";
				VALIDATE_PRODUCT = YES;
			};
			name = Release;
		};
		808DAC05244A439D00771ECD /* Debug */ = {
			isa = XCBuildConfiguration;
			buildSettings = {
				ASSETCATALOG_COMPILER_APPICON_NAME = AppIcon;
				CODE_SIGN_STYLE = Automatic;
				DEVELOPMENT_TEAM = 3RHMKD77C8;
				INFOPLIST_FILE = "Coctails Book/Info.plist";
				IPHONEOS_DEPLOYMENT_TARGET = 12.0;
				LD_RUNPATH_SEARCH_PATHS = (
					"$(inherited)",
					"@executable_path/Frameworks",
				);
				PRODUCT_BUNDLE_IDENTIFIER = com.justterror.cocktailsbook;
				PRODUCT_NAME = "$(TARGET_NAME)";
				SWIFT_VERSION = 5.0;
				TARGETED_DEVICE_FAMILY = "1,2";
			};
			name = Debug;
		};
		808DAC06244A439D00771ECD /* Release */ = {
			isa = XCBuildConfiguration;
			buildSettings = {
				ASSETCATALOG_COMPILER_APPICON_NAME = AppIcon;
				CODE_SIGN_STYLE = Automatic;
				DEVELOPMENT_TEAM = 3RHMKD77C8;
				INFOPLIST_FILE = "Coctails Book/Info.plist";
				IPHONEOS_DEPLOYMENT_TARGET = 12.0;
				LD_RUNPATH_SEARCH_PATHS = (
					"$(inherited)",
					"@executable_path/Frameworks",
				);
				PRODUCT_BUNDLE_IDENTIFIER = com.justterror.cocktailsbook;
				PRODUCT_NAME = "$(TARGET_NAME)";
				SWIFT_VERSION = 5.0;
				TARGETED_DEVICE_FAMILY = "1,2";
			};
			name = Release;
		};
/* End XCBuildConfiguration section */

/* Begin XCConfigurationList section */
		808DABEB244A439C00771ECD /* Build configuration list for PBXProject "Cocktails Book" */ = {
			isa = XCConfigurationList;
			buildConfigurations = (
				808DAC02244A439D00771ECD /* Debug */,
				808DAC03244A439D00771ECD /* Release */,
			);
			defaultConfigurationIsVisible = 0;
			defaultConfigurationName = Release;
		};
		808DAC04244A439D00771ECD /* Build configuration list for PBXNativeTarget "Cocktails Book" */ = {
			isa = XCConfigurationList;
			buildConfigurations = (
				808DAC05244A439D00771ECD /* Debug */,
				808DAC06244A439D00771ECD /* Release */,
			);
			defaultConfigurationIsVisible = 0;
			defaultConfigurationName = Release;
		};
/* End XCConfigurationList section */
	};
	rootObject = 808DABE8244A439C00771ECD /* Project object */;
}
